
Microsoft Visual Studio Solution File, Format Version 12.00
# Visual Studio Version 17
VisualStudioVersion = 17.4.33205.214
MinimumVisualStudioVersion = 10.0.40219.1
Project("{9A19103F-16F7-4668-BE54-9A1E7A4F7556}") = "ComaxRpOperator", "ComaxRpOperator.csproj", "{786EFEF2-9ED3-45EB-B3E3-BBBEC0E99121}"
EndProject
Global
	GlobalSection(SolutionConfigurationPlatforms) = preSolution
		Debug|Any CPU = Debug|Any CPU
		Release|Any CPU = Release|Any CPU
	EndGlobalSection
	GlobalSection(ProjectConfigurationPlatforms) = postSolution
		{786EFEF2-9ED3-45EB-B3E3-BBBEC0E99121}.Debug|Any CPU.ActiveCfg = Debug|Any CPU
		{786EFEF2-9ED3-45EB-B3E3-BBBEC0E99121}.Debug|Any CPU.Build.0 = Debug|Any CPU
		{786EFEF2-9ED3-45EB-B3E3-BBBEC0E99121}.Release|Any CPU.ActiveCfg = Release|Any CPU
		{786EFEF2-9ED3-45EB-B3E3-BBBEC0E99121}.Release|Any CPU.Build.0 = Release|Any CPU
	EndGlobalSection
	GlobalSection(SolutionProperties) = preSolution
		HideSolutionNode = FALSE
	EndGlobalSection
	GlobalSection(ExtensibilityGlobals) = postSolution
		SolutionGuid = {595F06E4-F358-4CAF-A5D9-C082C4F6DCDC}
	EndGlobalSection
EndGlobal
